
Microsoft Visual Studio Solution File, Format Version 12.00
# Visual Studio 14
VisualStudioVersion = 14.0.25123.0
MinimumVisualStudioVersion = 10.0.40219.1
Project("{FAE04EC0-301F-11D3-BF4B-00C04F79EFBC}") = "ButtonClicks.Droid", "ButtonClicks\ButtonClicks.Droid\ButtonClicks.Droid.csproj", "{E0EFDA05-6EFC-4CA9-BE4A-083E1502D960}"
EndProject
Project("{FAE04EC0-301F-11D3-BF4B-00C04F79EFBC}") = "ButtonClicks.iOS", "ButtonClicks\ButtonClicks.iOS\ButtonClicks.iOS.csproj", "{21CDA5AC-2BC9-4191-A1CC-F6ACA61803D8}"
EndProject
Project("{FAE04EC0-301F-11D3-BF4B-00C04F79EFBC}") = "ButtonClicks.WinPhone", "ButtonClicks\ButtonClicks.WinPhone\ButtonClicks.WinPhone.csproj", "{9F4082AD-53A0-4013-84B6-872BFC755CD5}"
EndProject
Project("{FAE04EC0-301F-11D3-BF4B-00C04F79EFBC}") = "ButtonClicks.UWP", "ButtonClicks\ButtonClicks.UWP\ButtonClicks.UWP.csproj", "{36D72DB4-D9CA-4137-ACAB-06179CCB011D}"
EndProject
Project("{FAE04EC0-301F-11D3-BF4B-00C04F79EFBC}") = "ButtonClicks.Windows", "ButtonClicks\ButtonClicks.Windows\ButtonClicks.Windows.csproj", "{911D5500-171F-4372-ABED-9DB4B038CD12}"
EndProject
Project("{FAE04EC0-301F-11D3-BF4B-00C04F79EFBC}") = "ButtonClicks", "ButtonClicks\ButtonClicks\ButtonClicks.csproj", "{A19185FE-5C0A-4045-9C9D-C476C49257CE}"
EndProject
Global
	GlobalSection(SolutionConfigurationPlatforms) = preSolution
		Ad-Hoc|Any CPU = Ad-Hoc|Any CPU
		Ad-Hoc|ARM = Ad-Hoc|ARM
		Ad-Hoc|iPhone = Ad-Hoc|iPhone
		Ad-Hoc|iPhoneSimulator = Ad-Hoc|iPhoneSimulator
		Ad-Hoc|x64 = Ad-Hoc|x64
		Ad-Hoc|x86 = Ad-Hoc|x86
		AppStore|Any CPU = AppStore|Any CPU
		AppStore|ARM = AppStore|ARM
		AppStore|iPhone = AppStore|iPhone
		AppStore|iPhoneSimulator = AppStore|iPhoneSimulator
		AppStore|x64 = AppStore|x64
		AppStore|x86 = AppStore|x86
		Debug|Any CPU = Debug|Any CPU
		Debug|ARM = Debug|ARM
		Debug|iPhone = Debug|iPhone
		Debug|iPhoneSimulator = Debug|iPhoneSimulator
		Debug|x64 = Debug|x64
		Debug|x86 = Debug|x86
		Release|Any CPU = Release|Any CPU
		Release|ARM = Release|ARM
		Release|iPhone = Release|iPhone
		Release|iPhoneSimulator = Release|iPhoneSimulator
		Release|x64 = Release|x64
		Release|x86 = Release|x86
	EndGlobalSection
	GlobalSection(ProjectConfigurationPlatforms) = postSolution
		{E0EFDA05-6EFC-4CA9-BE4A-083E1502D960}.Ad-Hoc|Any CPU.ActiveCfg = Release|Any CPU
		{E0EFDA05-6EFC-4CA9-BE4A-083E1502D960}.Ad-Hoc|Any CPU.Build.0 = Release|Any CPU
		{E0EFDA05-6EFC-4CA9-BE4A-083E1502D960}.Ad-Hoc|Any CPU.Deploy.0 = Release|Any CPU
		{E0EFDA05-6EFC-4CA9-BE4A-083E1502D960}.Ad-Hoc|ARM.ActiveCfg = Release|Any CPU
		{E0EFDA05-6EFC-4CA9-BE4A-083E1502D960}.Ad-Hoc|ARM.Build.0 = Release|Any CPU
		{E0EFDA05-6EFC-4CA9-BE4A-083E1502D960}.Ad-Hoc|ARM.Deploy.0 = Release|Any CPU
		{E0EFDA05-6EFC-4CA9-BE4A-083E1502D960}.Ad-Hoc|iPhone.ActiveCfg = Release|Any CPU
		{E0EFDA05-6EFC-4CA9-BE4A-083E1502D960}.Ad-Hoc|iPhone.Build.0 = Release|Any CPU
		{E0EFDA05-6EFC-4CA9-BE4A-083E1502D960}.Ad-Hoc|iPhone.Deploy.0 = Release|Any CPU
		{E0EFDA05-6EFC-4CA9-BE4A-083E1502D960}.Ad-Hoc|iPhoneSimulator.ActiveCfg = Release|Any CPU
		{E0EFDA05-6EFC-4CA9-BE4A-083E1502D960}.Ad-Hoc|iPhoneSimulator.Build.0 = Release|Any CPU
		{E0EFDA05-6EFC-4CA9-BE4A-083E1502D960}.Ad-Hoc|iPhoneSimulator.Deploy.0 = Release|Any CPU
		{E0EFDA05-6EFC-4CA9-BE4A-083E1502D960}.Ad-Hoc|x64.ActiveCfg = Release|Any CPU
		{E0EFDA05-6EFC-4CA9-BE4A-083E1502D960}.Ad-Hoc|x64.Build.0 = Release|Any CPU
		{E0EFDA05-6EFC-4CA9-BE4A-083E1502D960}.Ad-Hoc|x64.Deploy.0 = Release|Any CPU
		{E0EFDA05-6EFC-4CA9-BE4A-083E1502D960}.Ad-Hoc|x86.ActiveCfg = Release|Any CPU
		{E0EFDA05-6EFC-4CA9-BE4A-083E1502D960}.Ad-Hoc|x86.Build.0 = Release|Any CPU
		{E0EFDA05-6EFC-4CA9-BE4A-083E1502D960}.Ad-Hoc|x86.Deploy.0 = Release|Any CPU
		{E0EFDA05-6EFC-4CA9-BE4A-083E1502D960}.AppStore|Any CPU.ActiveCfg = Release|Any CPU
		{E0EFDA05-6EFC-4CA9-BE4A-083E1502D960}.AppStore|Any CPU.Build.0 = Release|Any CPU
		{E0EFDA05-6EFC-4CA9-BE4A-083E1502D960}.AppStore|Any CPU.Deploy.0 = Release|Any CPU
		{E0EFDA05-6EFC-4CA9-BE4A-083E1502D960}.AppStore|ARM.ActiveCfg = Release|Any CPU
		{E0EFDA05-6EFC-4CA9-BE4A-083E1502D960}.AppStore|ARM.Build.0 = Release|Any CPU
		{E0EFDA05-6EFC-4CA9-BE4A-083E1502D960}.AppStore|ARM.Deploy.0 = Release|Any CPU
		{E0EFDA05-6EFC-4CA9-BE4A-083E1502D960}.AppStore|iPhone.ActiveCfg = Release|Any CPU
		{E0EFDA05-6EFC-4CA9-BE4A-083E1502D960}.AppStore|iPhone.Build.0 = Release|Any CPU
		{E0EFDA05-6EFC-4CA9-BE4A-083E1502D960}.AppStore|iPhone.Deploy.0 = Release|Any CPU
		{E0EFDA05-6EFC-4CA9-BE4A-083E1502D960}.AppStore|iPhoneSimulator.ActiveCfg = Release|Any CPU
		{E0EFDA05-6EFC-4CA9-BE4A-083E1502D960}.AppStore|iPhoneSimulator.Build.0 = Release|Any CPU
		{E0EFDA05-6EFC-4CA9-BE4A-083E1502D960}.AppStore|iPhoneSimulator.Deploy.0 = Release|Any CPU
		{E0EFDA05-6EFC-4CA9-BE4A-083E1502D960}.AppStore|x64.ActiveCfg = Release|Any CPU
		{E0EFDA05-6EFC-4CA9-BE4A-083E1502D960}.AppStore|x64.Build.0 = Release|Any CPU
		{E0EFDA05-6EFC-4CA9-BE4A-083E1502D960}.AppStore|x64.Deploy.0 = Release|Any CPU
		{E0EFDA05-6EFC-4CA9-BE4A-083E1502D960}.AppStore|x86.ActiveCfg = Release|Any CPU
		{E0EFDA05-6EFC-4CA9-BE4A-083E1502D960}.AppStore|x86.Build.0 = Release|Any CPU
		{E0EFDA05-6EFC-4CA9-BE4A-083E1502D960}.AppStore|x86.Deploy.0 = Release|Any CPU
		{E0EFDA05-6EFC-4CA9-BE4A-083E1502D960}.Debug|Any CPU.ActiveCfg = Debug|Any CPU
		{E0EFDA05-6EFC-4CA9-BE4A-083E1502D960}.Debug|Any CPU.Build.0 = Debug|Any CPU
		{E0EFDA05-6EFC-4CA9-BE4A-083E1502D960}.Debug|Any CPU.Deploy.0 = Debug|Any CPU
		{E0EFDA05-6EFC-4CA9-BE4A-083E1502D960}.Debug|ARM.ActiveCfg = Debug|Any CPU
		{E0EFDA05-6EFC-4CA9-BE4A-083E1502D960}.Debug|ARM.Build.0 = Debug|Any CPU
		{E0EFDA05-6EFC-4CA9-BE4A-083E1502D960}.Debug|ARM.Deploy.0 = Debug|Any CPU
		{E0EFDA05-6EFC-4CA9-BE4A-083E1502D960}.Debug|iPhone.ActiveCfg = Debug|Any CPU
		{E0EFDA05-6EFC-4CA9-BE4A-083E1502D960}.Debug|iPhone.Build.0 = Debug|Any CPU
		{E0EFDA05-6EFC-4CA9-BE4A-083E1502D960}.Debug|iPhone.Deploy.0 = Debug|Any CPU
		{E0EFDA05-6EFC-4CA9-BE4A-083E1502D960}.Debug|iPhoneSimulator.ActiveCfg = Debug|Any CPU
		{E0EFDA05-6EFC-4CA9-BE4A-083E1502D960}.Debug|iPhoneSimulator.Build.0 = Debug|Any CPU
		{E0EFDA05-6EFC-4CA9-BE4A-083E1502D960}.Debug|iPhoneSimulator.Deploy.0 = Debug|Any CPU
		{E0EFDA05-6EFC-4CA9-BE4A-083E1502D960}.Debug|x64.ActiveCfg = Debug|Any CPU
		{E0EFDA05-6EFC-4CA9-BE4A-083E1502D960}.Debug|x64.Build.0 = Debug|Any CPU
		{E0EFDA05-6EFC-4CA9-BE4A-083E1502D960}.Debug|x64.Deploy.0 = Debug|Any CPU
		{E0EFDA05-6EFC-4CA9-BE4A-083E1502D960}.Debug|x86.ActiveCfg = Debug|Any CPU
		{E0EFDA05-6EFC-4CA9-BE4A-083E1502D960}.Debug|x86.Build.0 = Debug|Any CPU
		{E0EFDA05-6EFC-4CA9-BE4A-083E1502D960}.Debug|x86.Deploy.0 = Debug|Any CPU
		{E0EFDA05-6EFC-4CA9-BE4A-083E1502D960}.Release|Any CPU.ActiveCfg = Release|Any CPU
		{E0EFDA05-6EFC-4CA9-BE4A-083E1502D960}.Release|Any CPU.Build.0 = Release|Any CPU
		{E0EFDA05-6EFC-4CA9-BE4A-083E1502D960}.Release|Any CPU.Deploy.0 = Release|Any CPU
		{E0EFDA05-6EFC-4CA9-BE4A-083E1502D960}.Release|ARM.ActiveCfg = Release|Any CPU
		{E0EFDA05-6EFC-4CA9-BE4A-083E1502D960}.Release|ARM.Build.0 = Release|Any CPU
		{E0EFDA05-6EFC-4CA9-BE4A-083E1502D960}.Release|ARM.Deploy.0 = Release|Any CPU
		{E0EFDA05-6EFC-4CA9-BE4A-083E1502D960}.Release|iPhone.ActiveCfg = Release|Any CPU
		{E0EFDA05-6EFC-4CA9-BE4A-083E1502D960}.Release|iPhone.Build.0 = Release|Any CPU
		{E0EFDA05-6EFC-4CA9-BE4A-083E1502D960}.Release|iPhone.Deploy.0 = Release|Any CPU
		{E0EFDA05-6EFC-4CA9-BE4A-083E1502D960}.Release|iPhoneSimulator.ActiveCfg = Release|Any CPU
		{E0EFDA05-6EFC-4CA9-BE4A-083E1502D960}.Release|iPhoneSimulator.Build.0 = Release|Any CPU
		{E0EFDA05-6EFC-4CA9-BE4A-083E1502D960}.Release|iPhoneSimulator.Deploy.0 = Release|Any CPU
		{E0EFDA05-6EFC-4CA9-BE4A-083E1502D960}.Release|x64.ActiveCfg = Release|Any CPU
		{E0EFDA05-6EFC-4CA9-BE4A-083E1502D960}.Release|x64.Build.0 = Release|Any CPU
		{E0EFDA05-6EFC-4CA9-BE4A-083E1502D960}.Release|x64.Deploy.0 = Release|Any CPU
		{E0EFDA05-6EFC-4CA9-BE4A-083E1502D960}.Release|x86.ActiveCfg = Release|Any CPU
		{E0EFDA05-6EFC-4CA9-BE4A-083E1502D960}.Release|x86.Build.0 = Release|Any CPU
		{E0EFDA05-6EFC-4CA9-BE4A-083E1502D960}.Release|x86.Deploy.0 = Release|Any CPU
		{21CDA5AC-2BC9-4191-A1CC-F6ACA61803D8}.Ad-Hoc|Any CPU.ActiveCfg = Ad-Hoc|iPhone
		{21CDA5AC-2BC9-4191-A1CC-F6ACA61803D8}.Ad-Hoc|ARM.ActiveCfg = Ad-Hoc|iPhone
		{21CDA5AC-2BC9-4191-A1CC-F6ACA61803D8}.Ad-Hoc|iPhone.ActiveCfg = Ad-Hoc|iPhone
		{21CDA5AC-2BC9-4191-A1CC-F6ACA61803D8}.Ad-Hoc|iPhone.Build.0 = Ad-Hoc|iPhone
		{21CDA5AC-2BC9-4191-A1CC-F6ACA61803D8}.Ad-Hoc|iPhoneSimulator.ActiveCfg = Ad-Hoc|iPhoneSimulator
		{21CDA5AC-2BC9-4191-A1CC-F6ACA61803D8}.Ad-Hoc|iPhoneSimulator.Build.0 = Ad-Hoc|iPhoneSimulator
		{21CDA5AC-2BC9-4191-A1CC-F6ACA61803D8}.Ad-Hoc|x64.ActiveCfg = Ad-Hoc|iPhone
		{21CDA5AC-2BC9-4191-A1CC-F6ACA61803D8}.Ad-Hoc|x86.ActiveCfg = Ad-Hoc|iPhone
		{21CDA5AC-2BC9-4191-A1CC-F6ACA61803D8}.AppStore|Any CPU.ActiveCfg = AppStore|iPhone
		{21CDA5AC-2BC9-4191-A1CC-F6ACA61803D8}.AppStore|ARM.ActiveCfg = AppStore|iPhone
		{21CDA5AC-2BC9-4191-A1CC-F6ACA61803D8}.AppStore|iPhone.ActiveCfg = AppStore|iPhone
		{21CDA5AC-2BC9-4191-A1CC-F6ACA61803D8}.AppStore|iPhone.Build.0 = AppStore|iPhone
		{21CDA5AC-2BC9-4191-A1CC-F6ACA61803D8}.AppStore|iPhoneSimulator.ActiveCfg = AppStore|iPhoneSimulator
		{21CDA5AC-2BC9-4191-A1CC-F6ACA61803D8}.AppStore|iPhoneSimulator.Build.0 = AppStore|iPhoneSimulator
		{21CDA5AC-2BC9-4191-A1CC-F6ACA61803D8}.AppStore|x64.ActiveCfg = AppStore|iPhone
		{21CDA5AC-2BC9-4191-A1CC-F6ACA61803D8}.AppStore|x86.ActiveCfg = AppStore|iPhone
		{21CDA5AC-2BC9-4191-A1CC-F6ACA61803D8}.Debug|Any CPU.ActiveCfg = Debug|iPhone
		{21CDA5AC-2BC9-4191-A1CC-F6ACA61803D8}.Debug|ARM.ActiveCfg = Debug|iPhone
		{21CDA5AC-2BC9-4191-A1CC-F6ACA61803D8}.Debug|iPhone.ActiveCfg = Debug|iPhone
		{21CDA5AC-2BC9-4191-A1CC-F6ACA61803D8}.Debug|iPhone.Build.0 = Debug|iPhone
		{21CDA5AC-2BC9-4191-A1CC-F6ACA61803D8}.Debug|iPhoneSimulator.ActiveCfg = Debug|iPhoneSimulator
		{21CDA5AC-2BC9-4191-A1CC-F6ACA61803D8}.Debug|iPhoneSimulator.Build.0 = Debug|iPhoneSimulator
		{21CDA5AC-2BC9-4191-A1CC-F6ACA61803D8}.Debug|x64.ActiveCfg = Debug|iPhone
		{21CDA5AC-2BC9-4191-A1CC-F6ACA61803D8}.Debug|x86.ActiveCfg = Debug|iPhone
		{21CDA5AC-2BC9-4191-A1CC-F6ACA61803D8}.Release|Any CPU.ActiveCfg = Release|iPhone
		{21CDA5AC-2BC9-4191-A1CC-F6ACA61803D8}.Release|ARM.ActiveCfg = Release|iPhone
		{21CDA5AC-2BC9-4191-A1CC-F6ACA61803D8}.Release|iPhone.ActiveCfg = Release|iPhone
		{21CDA5AC-2BC9-4191-A1CC-F6ACA61803D8}.Release|iPhone.Build.0 = Release|iPhone
		{21CDA5AC-2BC9-4191-A1CC-F6ACA61803D8}.Release|iPhoneSimulator.ActiveCfg = Release|iPhoneSimulator
		{21CDA5AC-2BC9-4191-A1CC-F6ACA61803D8}.Release|iPhoneSimulator.Build.0 = Release|iPhoneSimulator
		{21CDA5AC-2BC9-4191-A1CC-F6ACA61803D8}.Release|x64.ActiveCfg = Release|iPhone
		{21CDA5AC-2BC9-4191-A1CC-F6ACA61803D8}.Release|x86.ActiveCfg = Release|iPhone
		{9F4082AD-53A0-4013-84B6-872BFC755CD5}.Ad-Hoc|Any CPU.ActiveCfg = Release|Any CPU
		{9F4082AD-53A0-4013-84B6-872BFC755CD5}.Ad-Hoc|Any CPU.Build.0 = Release|Any CPU
		{9F4082AD-53A0-4013-84B6-872BFC755CD5}.Ad-Hoc|Any CPU.Deploy.0 = Release|Any CPU
		{9F4082AD-53A0-4013-84B6-872BFC755CD5}.Ad-Hoc|ARM.ActiveCfg = Release|ARM
		{9F4082AD-53A0-4013-84B6-872BFC755CD5}.Ad-Hoc|ARM.Build.0 = Release|ARM
		{9F4082AD-53A0-4013-84B6-872BFC755CD5}.Ad-Hoc|ARM.Deploy.0 = Release|ARM
		{9F4082AD-53A0-4013-84B6-872BFC755CD5}.Ad-Hoc|iPhone.ActiveCfg = Release|Any CPU
		{9F4082AD-53A0-4013-84B6-872BFC755CD5}.Ad-Hoc|iPhone.Build.0 = Release|Any CPU
		{9F4082AD-53A0-4013-84B6-872BFC755CD5}.Ad-Hoc|iPhone.Deploy.0 = Release|Any CPU
		{9F4082AD-53A0-4013-84B6-872BFC755CD5}.Ad-Hoc|iPhoneSimulator.ActiveCfg = Release|Any CPU
		{9F4082AD-53A0-4013-84B6-872BFC755CD5}.Ad-Hoc|iPhoneSimulator.Build.0 = Release|Any CPU
		{9F4082AD-53A0-4013-84B6-872BFC755CD5}.Ad-Hoc|iPhoneSimulator.Deploy.0 = Release|Any CPU
		{9F4082AD-53A0-4013-84B6-872BFC755CD5}.Ad-Hoc|x64.ActiveCfg = Release|Any CPU
		{9F4082AD-53A0-4013-84B6-872BFC755CD5}.Ad-Hoc|x64.Build.0 = Release|Any CPU
		{9F4082AD-53A0-4013-84B6-872BFC755CD5}.Ad-Hoc|x64.Deploy.0 = Release|Any CPU
		{9F4082AD-53A0-4013-84B6-872BFC755CD5}.Ad-Hoc|x86.ActiveCfg = Release|x86
		{9F4082AD-53A0-4013-84B6-872BFC755CD5}.Ad-Hoc|x86.Build.0 = Release|x86
		{9F4082AD-53A0-4013-84B6-872BFC755CD5}.Ad-Hoc|x86.Deploy.0 = Release|x86
		{9F4082AD-53A0-4013-84B6-872BFC755CD5}.AppStore|Any CPU.ActiveCfg = Release|Any CPU
		{9F4082AD-53A0-4013-84B6-872BFC755CD5}.AppStore|Any CPU.Build.0 = Release|Any CPU
		{9F4082AD-53A0-4013-84B6-872BFC755CD5}.AppStore|Any CPU.Deploy.0 = Release|Any CPU
		{9F4082AD-53A0-4013-84B6-872BFC755CD5}.AppStore|ARM.ActiveCfg = Release|ARM
		{9F4082AD-53A0-4013-84B6-872BFC755CD5}.AppStore|ARM.Build.0 = Release|ARM
		{9F4082AD-53A0-4013-84B6-872BFC755CD5}.AppStore|ARM.Deploy.0 = Release|ARM
		{9F4082AD-53A0-4013-84B6-872BFC755CD5}.AppStore|iPhone.ActiveCfg = Release|Any CPU
		{9F4082AD-53A0-4013-84B6-872BFC755CD5}.AppStore|iPhone.Build.0 = Release|Any CPU
		{9F4082AD-53A0-4013-84B6-872BFC755CD5}.AppStore|iPhone.Deploy.0 = Release|Any CPU
		{9F4082AD-53A0-4013-84B6-872BFC755CD5}.AppStore|iPhoneSimulator.ActiveCfg = Release|Any CPU
		{9F4082AD-53A0-4013-84B6-872BFC755CD5}.AppStore|iPhoneSimulator.Build.0 = Release|Any CPU
		{9F4082AD-53A0-4013-84B6-872BFC755CD5}.AppStore|iPhoneSimulator.Deploy.0 = Release|Any CPU
		{9F4082AD-53A0-4013-84B6-872BFC755CD5}.AppStore|x64.ActiveCfg = Release|Any CPU
		{9F4082AD-53A0-4013-84B6-872BFC755CD5}.AppStore|x64.Build.0 = Release|Any CPU
		{9F4082AD-53A0-4013-84B6-872BFC755CD5}.AppStore|x64.Deploy.0 = Release|Any CPU
		{9F4082AD-53A0-4013-84B6-872BFC755CD5}.AppStore|x86.ActiveCfg = Release|x86
		{9F4082AD-53A0-4013-84B6-872BFC755CD5}.AppStore|x86.Build.0 = Release|x86
		{9F4082AD-53A0-4013-84B6-872BFC755CD5}.AppStore|x86.Deploy.0 = Release|x86
		{9F4082AD-53A0-4013-84B6-872BFC755CD5}.Debug|Any CPU.ActiveCfg = Debug|Any CPU
		{9F4082AD-53A0-4013-84B6-872BFC755CD5}.Debug|Any CPU.Build.0 = Debug|Any CPU
		{9F4082AD-53A0-4013-84B6-872BFC755CD5}.Debug|Any CPU.Deploy.0 = Debug|Any CPU
		{9F4082AD-53A0-4013-84B6-872BFC755CD5}.Debug|ARM.ActiveCfg = Debug|ARM
		{9F4082AD-53A0-4013-84B6-872BFC755CD5}.Debug|ARM.Build.0 = Debug|ARM
		{9F4082AD-53A0-4013-84B6-872BFC755CD5}.Debug|ARM.Deploy.0 = Debug|ARM
		{9F4082AD-53A0-4013-84B6-872BFC755CD5}.Debug|iPhone.ActiveCfg = Debug|Any CPU
		{9F4082AD-53A0-4013-84B6-872BFC755CD5}.Debug|iPhone.Build.0 = Debug|Any CPU
		{9F4082AD-53A0-4013-84B6-872BFC755CD5}.Debug|iPhone.Deploy.0 = Debug|Any CPU
		{9F4082AD-53A0-4013-84B6-872BFC755CD5}.Debug|iPhoneSimulator.ActiveCfg = Debug|Any CPU
		{9F4082AD-53A0-4013-84B6-872BFC755CD5}.Debug|iPhoneSimulator.Build.0 = Debug|Any CPU
		{9F4082AD-53A0-4013-84B6-872BFC755CD5}.Debug|iPhoneSimulator.Deploy.0 = Debug|Any CPU
		{9F4082AD-53A0-4013-84B6-872BFC755CD5}.Debug|x64.ActiveCfg = Debug|Any CPU
		{9F4082AD-53A0-4013-84B6-872BFC755CD5}.Debug|x64.Build.0 = Debug|Any CPU
		{9F4082AD-53A0-4013-84B6-872BFC755CD5}.Debug|x64.Deploy.0 = Debug|Any CPU
		{9F4082AD-53A0-4013-84B6-872BFC755CD5}.Debug|x86.ActiveCfg = Debug|x86
		{9F4082AD-53A0-4013-84B6-872BFC755CD5}.Debug|x86.Build.0 = Debug|x86
		{9F4082AD-53A0-4013-84B6-872BFC755CD5}.Debug|x86.Deploy.0 = Debug|x86
		{9F4082AD-53A0-4013-84B6-872BFC755CD5}.Release|Any CPU.ActiveCfg = Release|Any CPU
		{9F4082AD-53A0-4013-84B6-872BFC755CD5}.Release|Any CPU.Build.0 = Release|Any CPU
		{9F4082AD-53A0-4013-84B6-872BFC755CD5}.Release|Any CPU.Deploy.0 = Release|Any CPU
		{9F4082AD-53A0-4013-84B6-872BFC755CD5}.Release|ARM.ActiveCfg = Release|ARM
		{9F4082AD-53A0-4013-84B6-872BFC755CD5}.Release|ARM.Build.0 = Release|ARM
		{9F4082AD-53A0-4013-84B6-872BFC755CD5}.Release|ARM.Deploy.0 = Release|ARM
		{9F4082AD-53A0-4013-84B6-872BFC755CD5}.Release|iPhone.ActiveCfg = Release|Any CPU
		{9F4082AD-53A0-4013-84B6-872BFC755CD5}.Release|iPhone.Build.0 = Release|Any CPU
		{9F4082AD-53A0-4013-84B6-872BFC755CD5}.Release|iPhone.Deploy.0 = Release|Any CPU
		{9F4082AD-53A0-4013-84B6-872BFC755CD5}.Release|iPhoneSimulator.ActiveCfg = Release|Any CPU
		{9F4082AD-53A0-4013-84B6-872BFC755CD5}.Release|iPhoneSimulator.Build.0 = Release|Any CPU
		{9F4082AD-53A0-4013-84B6-872BFC755CD5}.Release|iPhoneSimulator.Deploy.0 = Release|Any CPU
		{9F4082AD-53A0-4013-84B6-872BFC755CD5}.Release|x64.ActiveCfg = Release|Any CPU
		{9F4082AD-53A0-4013-84B6-872BFC755CD5}.Release|x64.Build.0 = Release|Any CPU
		{9F4082AD-53A0-4013-84B6-872BFC755CD5}.Release|x64.Deploy.0 = Release|Any CPU
		{9F4082AD-53A0-4013-84B6-872BFC755CD5}.Release|x86.ActiveCfg = Release|x86
		{9F4082AD-53A0-4013-84B6-872BFC755CD5}.Release|x86.Build.0 = Release|x86
		{9F4082AD-53A0-4013-84B6-872BFC755CD5}.Release|x86.Deploy.0 = Release|x86
		{36D72DB4-D9CA-4137-ACAB-06179CCB011D}.Ad-Hoc|Any CPU.ActiveCfg = Release|x86
		{36D72DB4-D9CA-4137-ACAB-06179CCB011D}.Ad-Hoc|Any CPU.Build.0 = Release|x86
		{36D72DB4-D9CA-4137-ACAB-06179CCB011D}.Ad-Hoc|Any CPU.Deploy.0 = Release|x86
		{36D72DB4-D9CA-4137-ACAB-06179CCB011D}.Ad-Hoc|ARM.ActiveCfg = Release|ARM
		{36D72DB4-D9CA-4137-ACAB-06179CCB011D}.Ad-Hoc|ARM.Build.0 = Release|ARM
		{36D72DB4-D9CA-4137-ACAB-06179CCB011D}.Ad-Hoc|ARM.Deploy.0 = Release|ARM
		{36D72DB4-D9CA-4137-ACAB-06179CCB011D}.Ad-Hoc|iPhone.ActiveCfg = Release|x86
		{36D72DB4-D9CA-4137-ACAB-06179CCB011D}.Ad-Hoc|iPhone.Build.0 = Release|x86
		{36D72DB4-D9CA-4137-ACAB-06179CCB011D}.Ad-Hoc|iPhone.Deploy.0 = Release|x86
		{36D72DB4-D9CA-4137-ACAB-06179CCB011D}.Ad-Hoc|iPhoneSimulator.ActiveCfg = Release|x86
		{36D72DB4-D9CA-4137-ACAB-06179CCB011D}.Ad-Hoc|iPhoneSimulator.Build.0 = Release|x86
		{36D72DB4-D9CA-4137-ACAB-06179CCB011D}.Ad-Hoc|iPhoneSimulator.Deploy.0 = Release|x86
		{36D72DB4-D9CA-4137-ACAB-06179CCB011D}.Ad-Hoc|x64.ActiveCfg = Release|x64
		{36D72DB4-D9CA-4137-ACAB-06179CCB011D}.Ad-Hoc|x64.Build.0 = Release|x64
		{36D72DB4-D9CA-4137-ACAB-06179CCB011D}.Ad-Hoc|x64.Deploy.0 = Release|x64
		{36D72DB4-D9CA-4137-ACAB-06179CCB011D}.Ad-Hoc|x86.ActiveCfg = Release|x86
		{36D72DB4-D9CA-4137-ACAB-06179CCB011D}.Ad-Hoc|x86.Build.0 = Release|x86
		{36D72DB4-D9CA-4137-ACAB-06179CCB011D}.Ad-Hoc|x86.Deploy.0 = Release|x86
		{36D72DB4-D9CA-4137-ACAB-06179CCB011D}.AppStore|Any CPU.ActiveCfg = Release|x86
		{36D72DB4-D9CA-4137-ACAB-06179CCB011D}.AppStore|Any CPU.Build.0 = Release|x86
		{36D72DB4-D9CA-4137-ACAB-06179CCB011D}.AppStore|Any CPU.Deploy.0 = Release|x86
		{36D72DB4-D9CA-4137-ACAB-06179CCB011D}.AppStore|ARM.ActiveCfg = Release|ARM
		{36D72DB4-D9CA-4137-ACAB-06179CCB011D}.AppStore|ARM.Build.0 = Release|ARM
		{36D72DB4-D9CA-4137-ACAB-06179CCB011D}.AppStore|ARM.Deploy.0 = Release|ARM
		{36D72DB4-D9CA-4137-ACAB-06179CCB011D}.AppStore|iPhone.ActiveCfg = Release|x86
		{36D72DB4-D9CA-4137-ACAB-06179CCB011D}.AppStore|iPhone.Build.0 = Release|x86
		{36D72DB4-D9CA-4137-ACAB-06179CCB011D}.AppStore|iPhone.Deploy.0 = Release|x86
		{36D72DB4-D9CA-4137-ACAB-06179CCB011D}.AppStore|iPhoneSimulator.ActiveCfg = Release|x86
		{36D72DB4-D9CA-4137-ACAB-06179CCB011D}.AppStore|iPhoneSimulator.Build.0 = Release|x86
		{36D72DB4-D9CA-4137-ACAB-06179CCB011D}.AppStore|iPhoneSimulator.Deploy.0 = Release|x86
		{36D72DB4-D9CA-4137-ACAB-06179CCB011D}.AppStore|x64.ActiveCfg = Release|x64
		{36D72DB4-D9CA-4137-ACAB-06179CCB011D}.AppStore|x64.Build.0 = Release|x64
		{36D72DB4-D9CA-4137-ACAB-06179CCB011D}.AppStore|x64.Deploy.0 = Release|x64
		{36D72DB4-D9CA-4137-ACAB-06179CCB011D}.AppStore|x86.ActiveCfg = Release|x86
		{36D72DB4-D9CA-4137-ACAB-06179CCB011D}.AppStore|x86.Build.0 = Release|x86
		{36D72DB4-D9CA-4137-ACAB-06179CCB011D}.AppStore|x86.Deploy.0 = Release|x86
		{36D72DB4-D9CA-4137-ACAB-06179CCB011D}.Debug|Any CPU.ActiveCfg = Debug|x86
		{36D72DB4-D9CA-4137-ACAB-06179CCB011D}.Debug|ARM.ActiveCfg = Debug|ARM
		{36D72DB4-D9CA-4137-ACAB-06179CCB011D}.Debug|ARM.Build.0 = Debug|ARM
		{36D72DB4-D9CA-4137-ACAB-06179CCB011D}.Debug|ARM.Deploy.0 = Debug|ARM
		{36D72DB4-D9CA-4137-ACAB-06179CCB011D}.Debug|iPhone.ActiveCfg = Debug|x86
		{36D72DB4-D9CA-4137-ACAB-06179CCB011D}.Debug|iPhoneSimulator.ActiveCfg = Debug|x86
		{36D72DB4-D9CA-4137-ACAB-06179CCB011D}.Debug|x64.ActiveCfg = Debug|x64
		{36D72DB4-D9CA-4137-ACAB-06179CCB011D}.Debug|x64.Build.0 = Debug|x64
		{36D72DB4-D9CA-4137-ACAB-06179CCB011D}.Debug|x64.Deploy.0 = Debug|x64
		{36D72DB4-D9CA-4137-ACAB-06179CCB011D}.Debug|x86.ActiveCfg = Debug|x86
		{36D72DB4-D9CA-4137-ACAB-06179CCB011D}.Debug|x86.Build.0 = Debug|x86
		{36D72DB4-D9CA-4137-ACAB-06179CCB011D}.Debug|x86.Deploy.0 = Debug|x86
		{36D72DB4-D9CA-4137-ACAB-06179CCB011D}.Release|Any CPU.ActiveCfg = Release|x86
		{36D72DB4-D9CA-4137-ACAB-06179CCB011D}.Release|ARM.ActiveCfg = Release|ARM
		{36D72DB4-D9CA-4137-ACAB-06179CCB011D}.Release|ARM.Build.0 = Release|ARM
		{36D72DB4-D9CA-4137-ACAB-06179CCB011D}.Release|ARM.Deploy.0 = Release|ARM
		{36D72DB4-D9CA-4137-ACAB-06179CCB011D}.Release|iPhone.ActiveCfg = Release|x86
		{36D72DB4-D9CA-4137-ACAB-06179CCB011D}.Release|iPhoneSimulator.ActiveCfg = Release|x86
		{36D72DB4-D9CA-4137-ACAB-06179CCB011D}.Release|x64.ActiveCfg = Release|x64
		{36D72DB4-D9CA-4137-ACAB-06179CCB011D}.Release|x64.Build.0 = Release|x64
		{36D72DB4-D9CA-4137-ACAB-06179CCB011D}.Release|x64.Deploy.0 = Release|x64
		{36D72DB4-D9CA-4137-ACAB-06179CCB011D}.Release|x86.ActiveCfg = Release|x86
		{36D72DB4-D9CA-4137-ACAB-06179CCB011D}.Release|x86.Build.0 = Release|x86
		{36D72DB4-D9CA-4137-ACAB-06179CCB011D}.Release|x86.Deploy.0 = Release|x86
		{911D5500-171F-4372-ABED-9DB4B038CD12}.Ad-Hoc|Any CPU.ActiveCfg = Release|Any CPU
		{911D5500-171F-4372-ABED-9DB4B038CD12}.Ad-Hoc|Any CPU.Build.0 = Release|Any CPU
		{911D5500-171F-4372-ABED-9DB4B038CD12}.Ad-Hoc|Any CPU.Deploy.0 = Release|Any CPU
		{911D5500-171F-4372-ABED-9DB4B038CD12}.Ad-Hoc|ARM.ActiveCfg = Release|ARM
		{911D5500-171F-4372-ABED-9DB4B038CD12}.Ad-Hoc|ARM.Build.0 = Release|ARM
		{911D5500-171F-4372-ABED-9DB4B038CD12}.Ad-Hoc|ARM.Deploy.0 = Release|ARM
		{911D5500-171F-4372-ABED-9DB4B038CD12}.Ad-Hoc|iPhone.ActiveCfg = Release|Any CPU
		{911D5500-171F-4372-ABED-9DB4B038CD12}.Ad-Hoc|iPhone.Build.0 = Release|Any CPU
		{911D5500-171F-4372-ABED-9DB4B038CD12}.Ad-Hoc|iPhone.Deploy.0 = Release|Any CPU
		{911D5500-171F-4372-ABED-9DB4B038CD12}.Ad-Hoc|iPhoneSimulator.ActiveCfg = Release|Any CPU
		{911D5500-171F-4372-ABED-9DB4B038CD12}.Ad-Hoc|iPhoneSimulator.Build.0 = Release|Any CPU
		{911D5500-171F-4372-ABED-9DB4B038CD12}.Ad-Hoc|iPhoneSimulator.Deploy.0 = Release|Any CPU
		{911D5500-171F-4372-ABED-9DB4B038CD12}.Ad-Hoc|x64.ActiveCfg = Release|x64
		{911D5500-171F-4372-ABED-9DB4B038CD12}.Ad-Hoc|x64.Build.0 = Release|x64
		{911D5500-171F-4372-ABED-9DB4B038CD12}.Ad-Hoc|x64.Deploy.0 = Release|x64
		{911D5500-171F-4372-ABED-9DB4B038CD12}.Ad-Hoc|x86.ActiveCfg = Release|x86
		{911D5500-171F-4372-ABED-9DB4B038CD12}.Ad-Hoc|x86.Build.0 = Release|x86
		{911D5500-171F-4372-ABED-9DB4B038CD12}.Ad-Hoc|x86.Deploy.0 = Release|x86
		{911D5500-171F-4372-ABED-9DB4B038CD12}.AppStore|Any CPU.ActiveCfg = Release|Any CPU
		{911D5500-171F-4372-ABED-9DB4B038CD12}.AppStore|Any CPU.Build.0 = Release|Any CPU
		{911D5500-171F-4372-ABED-9DB4B038CD12}.AppStore|Any CPU.Deploy.0 = Release|Any CPU
		{911D5500-171F-4372-ABED-9DB4B038CD12}.AppStore|ARM.ActiveCfg = Release|ARM
		{911D5500-171F-4372-ABED-9DB4B038CD12}.AppStore|ARM.Build.0 = Release|ARM
		{911D5500-171F-4372-ABED-9DB4B038CD12}.AppStore|ARM.Deploy.0 = Release|ARM
		{911D5500-171F-4372-ABED-9DB4B038CD12}.AppStore|iPhone.ActiveCfg = Release|Any CPU
		{911D5500-171F-4372-ABED-9DB4B038CD12}.AppStore|iPhone.Build.0 = Release|Any CPU
		{911D5500-171F-4372-ABED-9DB4B038CD12}.AppStore|iPhone.Deploy.0 = Release|Any CPU
		{911D5500-171F-4372-ABED-9DB4B038CD12}.AppStore|iPhoneSimulator.ActiveCfg = Release|Any CPU
		{911D5500-171F-4372-ABED-9DB4B038CD12}.AppStore|iPhoneSimulator.Build.0 = Release|Any CPU
		{911D5500-171F-4372-ABED-9DB4B038CD12}.AppStore|iPhoneSimulator.Deploy.0 = Release|Any CPU
		{911D5500-171F-4372-ABED-9DB4B038CD12}.AppStore|x64.ActiveCfg = Release|x64
		{911D5500-171F-4372-ABED-9DB4B038CD12}.AppStore|x64.Build.0 = Release|x64
		{911D5500-171F-4372-ABED-9DB4B038CD12}.AppStore|x64.Deploy.0 = Release|x64
		{911D5500-171F-4372-ABED-9DB4B038CD12}.AppStore|x86.ActiveCfg = Release|x86
		{911D5500-171F-4372-ABED-9DB4B038CD12}.AppStore|x86.Build.0 = Release|x86
		{911D5500-171F-4372-ABED-9DB4B038CD12}.AppStore|x86.Deploy.0 = Release|x86
		{911D5500-171F-4372-ABED-9DB4B038CD12}.Debug|Any CPU.ActiveCfg = Debug|Any CPU
		{911D5500-171F-4372-ABED-9DB4B038CD12}.Debug|Any CPU.Build.0 = Debug|Any CPU
		{911D5500-171F-4372-ABED-9DB4B038CD12}.Debug|Any CPU.Deploy.0 = Debug|Any CPU
		{911D5500-171F-4372-ABED-9DB4B038CD12}.Debug|ARM.ActiveCfg = Debug|ARM
		{911D5500-171F-4372-ABED-9DB4B038CD12}.Debug|ARM.Build.0 = Debug|ARM
		{911D5500-171F-4372-ABED-9DB4B038CD12}.Debug|ARM.Deploy.0 = Debug|ARM
		{911D5500-171F-4372-ABED-9DB4B038CD12}.Debug|iPhone.ActiveCfg = Debug|Any CPU
		{911D5500-171F-4372-ABED-9DB4B038CD12}.Debug|iPhone.Build.0 = Debug|Any CPU
		{911D5500-171F-4372-ABED-9DB4B038CD12}.Debug|iPhone.Deploy.0 = Debug|Any CPU
		{911D5500-171F-4372-ABED-9DB4B038CD12}.Debug|iPhoneSimulator.ActiveCfg = Debug|Any CPU
		{911D5500-171F-4372-ABED-9DB4B038CD12}.Debug|iPhoneSimulator.Build.0 = Debug|Any CPU
		{911D5500-171F-4372-ABED-9DB4B038CD12}.Debug|iPhoneSimulator.Deploy.0 = Debug|Any CPU
		{911D5500-171F-4372-ABED-9DB4B038CD12}.Debug|x64.ActiveCfg = Debug|x64
		{911D5500-171F-4372-ABED-9DB4B038CD12}.Debug|x64.Build.0 = Debug|x64
		{911D5500-171F-4372-ABED-9DB4B038CD12}.Debug|x64.Deploy.0 = Debug|x64
		{911D5500-171F-4372-ABED-9DB4B038CD12}.Debug|x86.ActiveCfg = Debug|x86
		{911D5500-171F-4372-ABED-9DB4B038CD12}.Debug|x86.Build.0 = Debug|x86
		{911D5500-171F-4372-ABED-9DB4B038CD12}.Debug|x86.Deploy.0 = Debug|x86
		{911D5500-171F-4372-ABED-9DB4B038CD12}.Release|Any CPU.ActiveCfg = Release|Any CPU
		{911D5500-171F-4372-ABED-9DB4B038CD12}.Release|Any CPU.Build.0 = Release|Any CPU
		{911D5500-171F-4372-ABED-9DB4B038CD12}.Release|Any CPU.Deploy.0 = Release|Any CPU
		{911D5500-171F-4372-ABED-9DB4B038CD12}.Release|ARM.ActiveCfg = Release|ARM
		{911D5500-171F-4372-ABED-9DB4B038CD12}.Release|ARM.Build.0 = Release|ARM
		{911D5500-171F-4372-ABED-9DB4B038CD12}.Release|ARM.Deploy.0 = Release|ARM
		{911D5500-171F-4372-ABED-9DB4B038CD12}.Release|iPhone.ActiveCfg = Release|Any CPU
		{911D5500-171F-4372-ABED-9DB4B038CD12}.Release|iPhone.Build.0 = Release|Any CPU
		{911D5500-171F-4372-ABED-9DB4B038CD12}.Release|iPhone.Deploy.0 = Release|Any CPU
		{911D5500-171F-4372-ABED-9DB4B038CD12}.Release|iPhoneSimulator.ActiveCfg = Release|Any CPU
		{911D5500-171F-4372-ABED-9DB4B038CD12}.Release|iPhoneSimulator.Build.0 = Release|Any CPU
		{911D5500-171F-4372-ABED-9DB4B038CD12}.Release|iPhoneSimulator.Deploy.0 = Release|Any CPU
		{911D5500-171F-4372-ABED-9DB4B038CD12}.Release|x64.ActiveCfg = Release|x64
		{911D5500-171F-4372-ABED-9DB4B038CD12}.Release|x64.Build.0 = Release|x64
		{911D5500-171F-4372-ABED-9DB4B038CD12}.Release|x64.Deploy.0 = Release|x64
		{911D5500-171F-4372-ABED-9DB4B038CD12}.Release|x86.ActiveCfg = Release|x86
		{911D5500-171F-4372-ABED-9DB4B038CD12}.Release|x86.Build.0 = Release|x86
		{911D5500-171F-4372-ABED-9DB4B038CD12}.Release|x86.Deploy.0 = Release|x86
		{A19185FE-5C0A-4045-9C9D-C476C49257CE}.Ad-Hoc|Any CPU.ActiveCfg = Release|Any CPU
		{A19185FE-5C0A-4045-9C9D-C476C49257CE}.Ad-Hoc|Any CPU.Build.0 = Release|Any CPU
		{A19185FE-5C0A-4045-9C9D-C476C49257CE}.Ad-Hoc|ARM.ActiveCfg = Release|Any CPU
		{A19185FE-5C0A-4045-9C9D-C476C49257CE}.Ad-Hoc|ARM.Build.0 = Release|Any CPU
		{A19185FE-5C0A-4045-9C9D-C476C49257CE}.Ad-Hoc|iPhone.ActiveCfg = Release|Any CPU
		{A19185FE-5C0A-4045-9C9D-C476C49257CE}.Ad-Hoc|iPhone.Build.0 = Release|Any CPU
		{A19185FE-5C0A-4045-9C9D-C476C49257CE}.Ad-Hoc|iPhoneSimulator.ActiveCfg = Release|Any CPU
		{A19185FE-5C0A-4045-9C9D-C476C49257CE}.Ad-Hoc|iPhoneSimulator.Build.0 = Release|Any CPU
		{A19185FE-5C0A-4045-9C9D-C476C49257CE}.Ad-Hoc|x64.ActiveCfg = Release|Any CPU
		{A19185FE-5C0A-4045-9C9D-C476C49257CE}.Ad-Hoc|x64.Build.0 = Release|Any CPU
		{A19185FE-5C0A-4045-9C9D-C476C49257CE}.Ad-Hoc|x86.ActiveCfg = Release|Any CPU
		{A19185FE-5C0A-4045-9C9D-C476C49257CE}.Ad-Hoc|x86.Build.0 = Release|Any CPU
		{A19185FE-5C0A-4045-9C9D-C476C49257CE}.AppStore|Any CPU.ActiveCfg = Release|Any CPU
		{A19185FE-5C0A-4045-9C9D-C476C49257CE}.AppStore|Any CPU.Build.0 = Release|Any CPU
		{A19185FE-5C0A-4045-9C9D-C476C49257CE}.AppStore|ARM.ActiveCfg = Release|Any CPU
		{A19185FE-5C0A-4045-9C9D-C476C49257CE}.AppStore|ARM.Build.0 = Release|Any CPU
		{A19185FE-5C0A-4045-9C9D-C476C49257CE}.AppStore|iPhone.ActiveCfg = Release|Any CPU
		{A19185FE-5C0A-4045-9C9D-C476C49257CE}.AppStore|iPhone.Build.0 = Release|Any CPU
		{A19185FE-5C0A-4045-9C9D-C476C49257CE}.AppStore|iPhoneSimulator.ActiveCfg = Release|Any CPU
		{A19185FE-5C0A-4045-9C9D-C476C49257CE}.AppStore|iPhoneSimulator.Build.0 = Release|Any CPU
		{A19185FE-5C0A-4045-9C9D-C476C49257CE}.AppStore|x64.ActiveCfg = Release|Any CPU
		{A19185FE-5C0A-4045-9C9D-C476C49257CE}.AppStore|x64.Build.0 = Release|Any CPU
		{A19185FE-5C0A-4045-9C9D-C476C49257CE}.AppStore|x86.ActiveCfg = Release|Any CPU
		{A19185FE-5C0A-4045-9C9D-C476C49257CE}.AppStore|x86.Build.0 = Release|Any CPU
		{A19185FE-5C0A-4045-9C9D-C476C49257CE}.Debug|Any CPU.ActiveCfg = Debug|Any CPU
		{A19185FE-5C0A-4045-9C9D-C476C49257CE}.Debug|Any CPU.Build.0 = Debug|Any CPU
		{A19185FE-5C0A-4045-9C9D-C476C49257CE}.Debug|ARM.ActiveCfg = Debug|Any CPU
		{A19185FE-5C0A-4045-9C9D-C476C49257CE}.Debug|ARM.Build.0 = Debug|Any CPU
		{A19185FE-5C0A-4045-9C9D-C476C49257CE}.Debug|iPhone.ActiveCfg = Debug|Any CPU
		{A19185FE-5C0A-4045-9C9D-C476C49257CE}.Debug|iPhone.Build.0 = Debug|Any CPU
		{A19185FE-5C0A-4045-9C9D-C476C49257CE}.Debug|iPhoneSimulator.ActiveCfg = Debug|Any CPU
		{A19185FE-5C0A-4045-9C9D-C476C49257CE}.Debug|iPhoneSimulator.Build.0 = Debug|Any CPU
		{A19185FE-5C0A-4045-9C9D-C476C49257CE}.Debug|x64.ActiveCfg = Debug|Any CPU
		{A19185FE-5C0A-4045-9C9D-C476C49257CE}.Debug|x64.Build.0 = Debug|Any CPU
		{A19185FE-5C0A-4045-9C9D-C476C49257CE}.Debug|x86.ActiveCfg = Debug|Any CPU
		{A19185FE-5C0A-4045-9C9D-C476C49257CE}.Debug|x86.Build.0 = Debug|Any CPU
		{A19185FE-5C0A-4045-9C9D-C476C49257CE}.Release|Any CPU.ActiveCfg = Release|Any CPU
		{A19185FE-5C0A-4045-9C9D-C476C49257CE}.Release|Any CPU.Build.0 = Release|Any CPU
		{A19185FE-5C0A-4045-9C9D-C476C49257CE}.Release|ARM.ActiveCfg = Release|Any CPU
		{A19185FE-5C0A-4045-9C9D-C476C49257CE}.Release|ARM.Build.0 = Release|Any CPU
		{A19185FE-5C0A-4045-9C9D-C476C49257CE}.Release|iPhone.ActiveCfg = Release|Any CPU
		{A19185FE-5C0A-4045-9C9D-C476C49257CE}.Release|iPhone.Build.0 = Release|Any CPU
		{A19185FE-5C0A-4045-9C9D-C476C49257CE}.Release|iPhoneSimulator.ActiveCfg = Release|Any CPU
		{A19185FE-5C0A-4045-9C9D-C476C49257CE}.Release|iPhoneSimulator.Build.0 = Release|Any CPU
		{A19185FE-5C0A-4045-9C9D-C476C49257CE}.Release|x64.ActiveCfg = Release|Any CPU
		{A19185FE-5C0A-4045-9C9D-C476C49257CE}.Release|x64.Build.0 = Release|Any CPU
		{A19185FE-5C0A-4045-9C9D-C476C49257CE}.Release|x86.ActiveCfg = Release|Any CPU
		{A19185FE-5C0A-4045-9C9D-C476C49257CE}.Release|x86.Build.0 = Release|Any CPU
	EndGlobalSection
	GlobalSection(SolutionProperties) = preSolution
		HideSolutionNode = FALSE
	EndGlobalSection
EndGlobal
